
Microsoft Visual Studio Solution File, Format Version 12.00
# Visual Studio Version 17
VisualStudioVersion = 17.8.34330.188
MinimumVisualStudioVersion = 10.0.40219.1
Project("{FAE04EC0-301F-11D3-BF4B-00C04F79EFBC}") = "MyCRM.Common", "..\MyCRM.Common\MyCRM.Common.csproj", "{D809B73D-83D9-423A-BA58-FBBDBCD6F592}"
EndProject
Project("{FAE04EC0-301F-11D3-BF4B-00C04F79EFBC}") = "MyCRM.DAL", "..\MyCRM.DAL\MyCRM.DAL.csproj", "{C082EB5B-F25E-4ABF-96CB-1CF758C12FD1}"
EndProject
Project("{FAE04EC0-301F-11D3-BF4B-00C04F79EFBC}") = "MyCRM.Model", "..\MyCRM.Model\MyCRM.Model.csproj", "{44467625-9E93-4D06-857F-BB658288A17E}"
EndProject
Project("{FAE04EC0-301F-11D3-BF4B-00C04F79EFBC}") = "MyCRM.Repository.Common", "..\MyCRM.Repository.Common\MyCRM.Repository.Common.csproj", "{EF1A2C48-6823-44D6-A3E0-B67E7DEF4E90}"
EndProject
Project("{FAE04EC0-301F-11D3-BF4B-00C04F79EFBC}") = "MyCRM.Repository", "..\MyCRM.Repository\MyCRM.Repository.csproj", "{E2917A42-A43E-44CC-B5E2-40ABE63005BA}"
EndProject
Project("{FAE04EC0-301F-11D3-BF4B-00C04F79EFBC}") = "MyCRM.Service", "..\MyCRM.Service\MyCRM.Service.csproj", "{BF0C73D1-B008-4BF9-A7C4-7CD3F2311D8E}"
EndProject
Project("{FAE04EC0-301F-11D3-BF4B-00C04F79EFBC}") = "MyCRM.Service.Common", "..\MyCRM.Service.Common\MyCRM.Service.Common.csproj", "{1123AA93-3ED2-497C-A0C1-A4C8C3A8B8B8}"
EndProject
Project("{FAE04EC0-301F-11D3-BF4B-00C04F79EFBC}") = "MyCRM.WebAPI", "..\MyCRM.WebAPI\MyCRM.WebAPI.csproj", "{838ED11A-F9A7-465C-BDED-E8BDBE485FC7}"
EndProject
Global
	GlobalSection(SolutionConfigurationPlatforms) = preSolution
		Debug|Any CPU = Debug|Any CPU
		Release|Any CPU = Release|Any CPU
	EndGlobalSection
	GlobalSection(ProjectConfigurationPlatforms) = postSolution
		{D809B73D-83D9-423A-BA58-FBBDBCD6F592}.Debug|Any CPU.ActiveCfg = Debug|Any CPU
		{D809B73D-83D9-423A-BA58-FBBDBCD6F592}.Debug|Any CPU.Build.0 = Debug|Any CPU
		{D809B73D-83D9-423A-BA58-FBBDBCD6F592}.Release|Any CPU.ActiveCfg = Release|Any CPU
		{D809B73D-83D9-423A-BA58-FBBDBCD6F592}.Release|Any CPU.Build.0 = Release|Any CPU
		{C082EB5B-F25E-4ABF-96CB-1CF758C12FD1}.Debug|Any CPU.ActiveCfg = Debug|Any CPU
		{C082EB5B-F25E-4ABF-96CB-1CF758C12FD1}.Debug|Any CPU.Build.0 = Debug|Any CPU
		{C082EB5B-F25E-4ABF-96CB-1CF758C12FD1}.Release|Any CPU.ActiveCfg = Release|Any CPU
		{C082EB5B-F25E-4ABF-96CB-1CF758C12FD1}.Release|Any CPU.Build.0 = Release|Any CPU
		{44467625-9E93-4D06-857F-BB658288A17E}.Debug|Any CPU.ActiveCfg = Debug|Any CPU
		{44467625-9E93-4D06-857F-BB658288A17E}.Debug|Any CPU.Build.0 = Debug|Any CPU
		{44467625-9E93-4D06-857F-BB658288A17E}.Release|Any CPU.ActiveCfg = Release|Any CPU
		{44467625-9E93-4D06-857F-BB658288A17E}.Release|Any CPU.Build.0 = Release|Any CPU
		{EF1A2C48-6823-44D6-A3E0-B67E7DEF4E90}.Debug|Any CPU.ActiveCfg = Debug|Any CPU
		{EF1A2C48-6823-44D6-A3E0-B67E7DEF4E90}.Debug|Any CPU.Build.0 = Debug|Any CPU
		{EF1A2C48-6823-44D6-A3E0-B67E7DEF4E90}.Release|Any CPU.ActiveCfg = Release|Any CPU
		{EF1A2C48-6823-44D6-A3E0-B67E7DEF4E90}.Release|Any CPU.Build.0 = Release|Any CPU
		{E2917A42-A43E-44CC-B5E2-40ABE63005BA}.Debug|Any CPU.ActiveCfg = Debug|Any CPU
		{E2917A42-A43E-44CC-B5E2-40ABE63005BA}.Debug|Any CPU.Build.0 = Debug|Any CPU
		{E2917A42-A43E-44CC-B5E2-40ABE63005BA}.Release|Any CPU.ActiveCfg = Release|Any CPU
		{E2917A42-A43E-44CC-B5E2-40ABE63005BA}.Release|Any CPU.Build.0 = Release|Any CPU
		{BF0C73D1-B008-4BF9-A7C4-7CD3F2311D8E}.Debug|Any CPU.ActiveCfg = Debug|Any CPU
		{BF0C73D1-B008-4BF9-A7C4-7CD3F2311D8E}.Debug|Any CPU.Build.0 = Debug|Any CPU
		{BF0C73D1-B008-4BF9-A7C4-7CD3F2311D8E}.Release|Any CPU.ActiveCfg = Release|Any CPU
		{BF0C73D1-B008-4BF9-A7C4-7CD3F2311D8E}.Release|Any CPU.Build.0 = Release|Any CPU
		{1123AA93-3ED2-497C-A0C1-A4C8C3A8B8B8}.Debug|Any CPU.ActiveCfg = Debug|Any CPU
		{1123AA93-3ED2-497C-A0C1-A4C8C3A8B8B8}.Debug|Any CPU.Build.0 = Debug|Any CPU
		{1123AA93-3ED2-497C-A0C1-A4C8C3A8B8B8}.Release|Any CPU.ActiveCfg = Release|Any CPU
		{1123AA93-3ED2-497C-A0C1-A4C8C3A8B8B8}.Release|Any CPU.Build.0 = Release|Any CPU
		{838ED11A-F9A7-465C-BDED-E8BDBE485FC7}.Debug|Any CPU.ActiveCfg = Debug|Any CPU
		{838ED11A-F9A7-465C-BDED-E8BDBE485FC7}.Debug|Any CPU.Build.0 = Debug|Any CPU
		{838ED11A-F9A7-465C-BDED-E8BDBE485FC7}.Release|Any CPU.ActiveCfg = Release|Any CPU
		{838ED11A-F9A7-465C-BDED-E8BDBE485FC7}.Release|Any CPU.Build.0 = Release|Any CPU
	EndGlobalSection
	GlobalSection(SolutionProperties) = preSolution
		HideSolutionNode = FALSE
	EndGlobalSection
	GlobalSection(ExtensibilityGlobals) = postSolution
		SolutionGuid = {D9F631EC-B1E5-42E6-87A0-4B84F34ACE13}
	EndGlobalSection
EndGlobal
